
Microsoft Visual Studio Solution File, Format Version 12.00
# Visual Studio 15
Project("{FAE04EC0-301F-11D3-BF4B-00C04F79EFBC}") = "Assembly-CSharp", "Assembly-CSharp.csproj", "{22811D34-9B79-B0B6-85B8-41F864E1916D}"
EndProject
Global
	GlobalSection(SolutionConfigurationPlatforms) = preSolution
		Debug|Any CPU = Debug|Any CPU
		Release|Any CPU = Release|Any CPU
	EndGlobalSection
	GlobalSection(ProjectConfigurationPlatforms) = postSolution
		{22811D34-9B79-B0B6-85B8-41F864E1916D}.Debug|Any CPU.ActiveCfg = Debug|Any CPU
		{22811D34-9B79-B0B6-85B8-41F864E1916D}.Debug|Any CPU.Build.0 = Debug|Any CPU
		{22811D34-9B79-B0B6-85B8-41F864E1916D}.Release|Any CPU.ActiveCfg = Release|Any CPU
		{22811D34-9B79-B0B6-85B8-41F864E1916D}.Release|Any CPU.Build.0 = Release|Any CPU
	EndGlobalSection
	GlobalSection(SolutionProperties) = preSolution
		HideSolutionNode = FALSE
	EndGlobalSection
EndGlobal
